
Microsoft Visual Studio Solution File, Format Version 12.00
# Visual Studio 15
VisualStudioVersion = 15.0.28307.645
MinimumVisualStudioVersion = 10.0.40219.1
Project("{FAE04EC0-301F-11D3-BF4B-00C04F79EFBC}") = "ProjectManager", "ProjectManager\ProjectManager.csproj", "{C205E98B-EA3D-4C58-80A4-3C887188EC24}"
EndProject
Project("{FAE04EC0-301F-11D3-BF4B-00C04F79EFBC}") = "ProjectManager.Tests", "ProjectManager.Tests\ProjectManager.Tests.csproj", "{4008A976-C94B-4007-A114-7C5C8F3CBA87}"
EndProject
Global
	GlobalSection(SolutionConfigurationPlatforms) = preSolution
		Debug|Any CPU = Debug|Any CPU
		Release|Any CPU = Release|Any CPU
	EndGlobalSection
	GlobalSection(ProjectConfigurationPlatforms) = postSolution
		{C205E98B-EA3D-4C58-80A4-3C887188EC24}.Debug|Any CPU.ActiveCfg = Debug|Any CPU
		{C205E98B-EA3D-4C58-80A4-3C887188EC24}.Debug|Any CPU.Build.0 = Debug|Any CPU
		{C205E98B-EA3D-4C58-80A4-3C887188EC24}.Release|Any CPU.ActiveCfg = Release|Any CPU
		{C205E98B-EA3D-4C58-80A4-3C887188EC24}.Release|Any CPU.Build.0 = Release|Any CPU
		{4008A976-C94B-4007-A114-7C5C8F3CBA87}.Debug|Any CPU.ActiveCfg = Debug|Any CPU
		{4008A976-C94B-4007-A114-7C5C8F3CBA87}.Debug|Any CPU.Build.0 = Debug|Any CPU
		{4008A976-C94B-4007-A114-7C5C8F3CBA87}.Release|Any CPU.ActiveCfg = Release|Any CPU
		{4008A976-C94B-4007-A114-7C5C8F3CBA87}.Release|Any CPU.Build.0 = Release|Any CPU
	EndGlobalSection
	GlobalSection(SolutionProperties) = preSolution
		HideSolutionNode = FALSE
	EndGlobalSection
	GlobalSection(ExtensibilityGlobals) = postSolution
		SolutionGuid = {1A4F7652-9011-4250-8B56-C3DC7F9B4C80}
	EndGlobalSection
EndGlobal
